<?xml version="1.0" encoding="utf-8"?>
<Project ToolsVersion="4.0" xmlns="http://schemas.microsoft.com/developer/msbuild/2003">
  <ItemGroup>
    <Filter Include="Quelldateien">
      <UniqueIdentifier>{4FC737F1-C7A5-4376-A066-2A32D752A2FF}</UniqueIdentifier>
      <Extensions>cpp;c;cc;cxx;def;odl;idl;hpj;bat;asm;asmx</Extensions>
    </Filter>
    <Filter Include="Headerdateien">
      <UniqueIdentifier>{93995380-89BD-4b04-88EB-625FBE52EBFB}</UniqueIdentifier>
      <Extensions>h;hh;hpp;hxx;hm;inl;inc;ipp;xsd</Extensions>
    </Filter>
    <Filter Include="Ressourcendateien">
      <UniqueIdentifier>{67DA6AB6-F800-4c08-8B7A-83BB121AAD01}</UniqueIdentifier>
      <Extensions>rc;ico;cur;bmp;dlg;rc2;rct;bin;rgs;gif;jpg;jpeg;jpe;resx;tiff;tif;png;wav;mfcribbon-ms</Extensions>
    </Filter>
    <Filter Include="Quelldateien\Icons">
      <UniqueIdentifier>{78a3e633-1f8c-40fb-a3b5-20aea587833e}</UniqueIdentifier>
    </Filter>
    <Filter Include="Quelldateien\Soundeffekte">
      <UniqueIdentifier>{f7ed2f48-f137-43ca-8a71-466f6c228620}</UniqueIdentifier>
    </Filter>
  </ItemGroup>
  <ItemGroup>
    <ClCompile Include="Urlaubsantrag.cpp">
      <Filter>Quelldateien</Filter>
    </ClCompile>
    <ClCompile Include="VorgesetztenSeite.cpp">
      <Filter>Quelldateien</Filter>
    </ClCompile>
    <ClCompile Include="Urlaubsfenster.cpp">
      <Filter>Quelldateien</Filter>
    </ClCompile>
    <ClCompile Include="Startseite.cpp">
      <Filter>Quelldateien</Filter>
    </ClCompile>
    <ClCompile Include="Adresse.cpp">
      <Filter>Quelldateien</Filter>
    </ClCompile>
    <ClCompile Include="Mitarbeiter.cpp">
      <Filter>Quelldateien</Filter>
    </ClCompile>
    <ClCompile Include="pch.cpp">
      <Filter>Quelldateien</Filter>
    </ClCompile>
    <ClCompile Include="LogInFenster.cpp">
      <Filter>Quelldateien</Filter>
    </ClCompile>
    <ClCompile Include="Unternehmen.cpp">
      <Filter>Quelldateien</Filter>
    </ClCompile>
    <ClCompile Include="Vorgesetzter.cpp">
      <Filter>Quelldateien</Filter>
    </ClCompile>
    <ClCompile Include="Angestellter.cpp">
      <Filter>Quelldateien</Filter>
    </ClCompile>
    <ClCompile Include="Statistikfenster.cpp">
      <Filter>Quelldateien</Filter>
    </ClCompile>
    <ClCompile Include="Kalenderfenster.cpp">
      <Filter>Quelldateien</Filter>
    </ClCompile>
    <ClCompile Include="RegistrierungsFenster.cpp">
      <Filter>Quelldateien</Filter>
    </ClCompile>
    <ClCompile Include="PasswortAendernFenster.cpp">
      <Filter>Quelldateien</Filter>
    </ClCompile>
    <ClCompile Include="AenderungsantragsFenster.cpp">
      <Filter>Quelldateien</Filter>
    </ClCompile>
    <ClCompile Include="Aenderungsantrag.cpp">
      <Filter>Quelldateien</Filter>
    </ClCompile>
    <ClCompile Include="AnfragenbearbeitungsFenster.cpp">
      <Filter>Quelldateien</Filter>
    </ClCompile>
    <ClCompile Include="UrlaubsanfragenbearbeitungsFenster.cpp">
      <Filter>Quelldateien</Filter>
    </ClCompile>
  </ItemGroup>
  <ItemGroup>
    <ClInclude Include="Startseite.h">
      <Filter>Headerdateien</Filter>
    </ClInclude>
    <ClInclude Include="VorgesetztenSeite.h">
      <Filter>Headerdateien</Filter>
    </ClInclude>
    <ClInclude Include="Urlaubsantrag.h">
      <Filter>Headerdateien</Filter>
    </ClInclude>
    <ClInclude Include="Urlaubsfenster.h">
      <Filter>Headerdateien</Filter>
    </ClInclude>
    <ClInclude Include="Adresse.h">
      <Filter>Headerdateien</Filter>
    </ClInclude>
    <ClInclude Include="Mitarbeiter.h">
      <Filter>Headerdateien</Filter>
    </ClInclude>
    <ClInclude Include="pch.h">
      <Filter>Headerdateien</Filter>
    </ClInclude>
    <ClInclude Include="LogInFenster.h">
      <Filter>Headerdateien</Filter>
    </ClInclude>
    <ClInclude Include="Unternehmen.h">
      <Filter>Headerdateien</Filter>
    </ClInclude>
    <ClInclude Include="Angestellter.h">
      <Filter>Headerdateien</Filter>
    </ClInclude>
    <ClInclude Include="Vorgesetzter.h">
      <Filter>Headerdateien</Filter>
    </ClInclude>
    <ClInclude Include="Statistikfenster.h">
      <Filter>Headerdateien</Filter>
    </ClInclude>
    <ClInclude Include="Kalenderfenster.h">
      <Filter>Headerdateien</Filter>
    </ClInclude>
    <ClInclude Include="RegistrierungsFenster.h">
      <Filter>Headerdateien</Filter>
    </ClInclude>
    <ClInclude Include="PasswortAendernFenster.h">
      <Filter>Headerdateien</Filter>
    </ClInclude>
    <ClInclude Include="AenderungsantragsFenster.h">
      <Filter>Headerdateien</Filter>
    </ClInclude>
    <ClInclude Include="Aenderungsantrag.h">
      <Filter>Headerdateien</Filter>
    </ClInclude>
    <ClInclude Include="AnfragenbearbeitungsFenster.h">
      <Filter>Headerdateien</Filter>
    </ClInclude>
    <ClInclude Include="UrlaubsanfragenbearbeitungsFenster.h">
      <Filter>Headerdateien</Filter>
    </ClInclude>
  </ItemGroup>
  <ItemGroup>
    <Image Include="Images\addIcon.jpg">
      <Filter>Quelldateien\Icons</Filter>
    </Image>
    <Image Include="Images\editIcon.jpg">
      <Filter>Quelldateien\Icons</Filter>
    </Image>
    <Image Include="Images\gehenIcon.jpg">
      <Filter>Quelldateien\Icons</Filter>
    </Image>
    <Image Include="Images\kalenderIcon.jpg">
      <Filter>Quelldateien\Icons</Filter>
    </Image>
    <Image Include="Images\kommenIcon.jpg">
      <Filter>Quelldateien\Icons</Filter>
    </Image>
    <Image Include="Images\pauseIcon.jpg">
      <Filter>Quelldateien\Icons</Filter>
    </Image>
    <Image Include="Images\PersonalIcon2.jpg">
      <Filter>Quelldateien\Icons</Filter>
    </Image>
    <Image Include="Images\statistikIcon.jpg">
      <Filter>Quelldateien\Icons</Filter>
    </Image>
    <Image Include="Images\urlaubIcon2.jpg">
      <Filter>Quelldateien\Icons</Filter>
    </Image>
    <Image Include="..\..\..\..\OneDrive\Dokumente\Uni HI\Semester 2\Programmierung II C++\Projekt\ProjektLokal\ProjektLokal\Images\LogOutIcon2.jpg">
      <Filter>Quelldateien\Icons</Filter>
    </Image>
    <Image Include="Images\imperiumSchriftzug2.jpg">
      <Filter>Quelldateien\Icons</Filter>
    </Image>
    <Image Include="Images\iconDarthVader.ico">
      <Filter>Quelldateien\Icons</Filter>
    </Image>
    <Image Include="Images\pauseIcon2.jpg">
      <Filter>Quelldateien\Icons</Filter>
    </Image>
    <Image Include="Images\pauseIcon3.jpg">
      <Filter>Quelldateien\Icons</Filter>
    </Image>
  </ItemGroup>
  <ItemGroup>
    <EmbeddedResource Include="Startseite.resx">
      <Filter>Ressourcendateien</Filter>
    </EmbeddedResource>
    <EmbeddedResource Include="VorgesetztenSeite.resx">
      <Filter>Ressourcendateien</Filter>
    </EmbeddedResource>
    <EmbeddedResource Include="Urlaubsfenster.resx">
      <Filter>Ressourcendateien</Filter>
    </EmbeddedResource>
    <EmbeddedResource Include="LogInFenster.resx">
      <Filter>Ressourcendateien</Filter>
    </EmbeddedResource>
    <EmbeddedResource Include="RegistrierungsFenster.resx">
      <Filter>Ressourcendateien</Filter>
    </EmbeddedResource>
    <EmbeddedResource Include="Kalenderfenster.resx">
      <Filter>Ressourcendateien</Filter>
    </EmbeddedResource>
    <EmbeddedResource Include="PasswortAendernFenster.resx">
      <Filter>Ressourcendateien</Filter>
    </EmbeddedResource>
    <EmbeddedResource Include="Statistikfenster.resx">
      <Filter>Ressourcendateien</Filter>
    </EmbeddedResource>
    <EmbeddedResource Include="AenderungsantragsFenster.resx">
      <Filter>Ressourcendateien</Filter>
    </EmbeddedResource>
    <EmbeddedResource Include="AnfragenbearbeitungsFenster.resx">
      <Filter>Ressourcendateien</Filter>
    </EmbeddedResource>
  </ItemGroup>
  <ItemGroup>
    <Media Include="..\..\..\..\OneDrive\Dokumente\Uni HI\Semester 2\Programmierung II C++\Projekt\ProjektLokal\ProjektLokal\Sounds\soundImperialMarch.wav">
      <Filter>Quelldateien\Soundeffekte</Filter>
    </Media>
    <Media Include="Sounds\lacucarachaKurz.wav">
      <Filter>Quelldateien\Soundeffekte</Filter>
    </Media>
  </ItemGroup>
</Project>